
Microsoft Visual Studio Solution File, Format Version 12.00
# Visual Studio Version 17
VisualStudioVersion = 17.4.33213.308
MinimumVisualStudioVersion = 10.0.40219.1
Project("{FAE04EC0-301F-11D3-BF4B-00C04F79EFBC}") = "AlgorithmAndDataStructurePrograms", "AlgorithmAndDataStructurePrograms\AlgorithmAndDataStructurePrograms.csproj", "{24BF5BE3-6687-4922-9403-818C712716BA}"
EndProject
Global
	GlobalSection(SolutionConfigurationPlatforms) = preSolution
		Debug|Any CPU = Debug|Any CPU
		Release|Any CPU = Release|Any CPU
	EndGlobalSection
	GlobalSection(ProjectConfigurationPlatforms) = postSolution
		{24BF5BE3-6687-4922-9403-818C712716BA}.Debug|Any CPU.ActiveCfg = Debug|Any CPU
		{24BF5BE3-6687-4922-9403-818C712716BA}.Debug|Any CPU.Build.0 = Debug|Any CPU
		{24BF5BE3-6687-4922-9403-818C712716BA}.Release|Any CPU.ActiveCfg = Release|Any CPU
		{24BF5BE3-6687-4922-9403-818C712716BA}.Release|Any CPU.Build.0 = Release|Any CPU
	EndGlobalSection
	GlobalSection(SolutionProperties) = preSolution
		HideSolutionNode = FALSE
	EndGlobalSection
	GlobalSection(ExtensibilityGlobals) = postSolution
		SolutionGuid = {307543CC-572C-4916-867B-248EA33A99DF}
	EndGlobalSection
EndGlobal
